{
  "requires": true,
  "lockfileVersion": 1,
  "dependencies": {
    "redcarpet": {
      "version": "0.0.1",
      "resolved": "https://registry.npmjs.org/redcarpet/-/redcarpet-0.0.1.tgz",
      "integrity": "sha512-NEL4XvfXYcBwRqASYemBDJm/PmPk7ltebmhbC4csKuhVxYq3UmaxRj4not4PQlpwGVVq8Suu1mKXlJr+ixsnyg=="
    }
  }
}
